
Microsoft Visual Studio Solution File, Format Version 12.00
# Visual Studio Version 17
VisualStudioVersion = 17.8.34511.84
MinimumVisualStudioVersion = 10.0.40219.1
Project("{FAE04EC0-301F-11D3-BF4B-00C04F79EFBC}") = "ToDoApplication", "ToDoApplication.csproj", "{513DAB44-D220-4651-AEB1-88DD7064B28F}"
EndProject
Global
	GlobalSection(SolutionConfigurationPlatforms) = preSolution
		Debug|Any CPU = Debug|Any CPU
		Release|Any CPU = Release|Any CPU
	EndGlobalSection
	GlobalSection(ProjectConfigurationPlatforms) = postSolution
		{513DAB44-D220-4651-AEB1-88DD7064B28F}.Debug|Any CPU.ActiveCfg = Debug|Any CPU
		{513DAB44-D220-4651-AEB1-88DD7064B28F}.Debug|Any CPU.Build.0 = Debug|Any CPU
		{513DAB44-D220-4651-AEB1-88DD7064B28F}.Release|Any CPU.ActiveCfg = Release|Any CPU
		{513DAB44-D220-4651-AEB1-88DD7064B28F}.Release|Any CPU.Build.0 = Release|Any CPU
	EndGlobalSection
	GlobalSection(SolutionProperties) = preSolution
		HideSolutionNode = FALSE
	EndGlobalSection
	GlobalSection(ExtensibilityGlobals) = postSolution
		SolutionGuid = {5CC21D4A-2CF5-4301-B469-67231A339E6F}
	EndGlobalSection
EndGlobal
